<?xml version="1.0" encoding="utf-8"?>
<Project ToolsVersion="4.0" xmlns="http://schemas.microsoft.com/developer/msbuild/2003">
  <ItemGroup>
    <Filter Include="Windows">
      <UniqueIdentifier>{80ad819a-b56a-4981-8992-d3f4df5ee87e}</UniqueIdentifier>
    </Filter>
    <Filter Include="Resources">
      <UniqueIdentifier>{f821da62-e9d3-423a-ab43-30afb393dbbf}</UniqueIdentifier>
    </Filter>
    <Filter Include="Windows\Input">
      <UniqueIdentifier>{bff5acaf-32e5-48bb-9b91-f27a196eb478}</UniqueIdentifier>
    </Filter>
    <Filter Include="Components">
      <UniqueIdentifier>{2d8613c9-2d3f-43ae-8e5a-b3cdd78adb14}</UniqueIdentifier>
    </Filter>
    <Filter Include="Game">
      <UniqueIdentifier>{590f7537-ca24-4959-b0f8-7c5e2ec21639}</UniqueIdentifier>
    </Filter>
    <Filter Include="Graphics">
      <UniqueIdentifier>{6bcfebac-f0f5-4bc5-bc8b-909be6d81632}</UniqueIdentifier>
    </Filter>
    <Filter Include="Drawables">
      <UniqueIdentifier>{c57255a9-df1a-458a-b4ef-2947858adba5}</UniqueIdentifier>
    </Filter>
    <Filter Include="Drawables\Base">
      <UniqueIdentifier>{8bee4929-3701-4a39-b1bc-21b9c4ecc93f}</UniqueIdentifier>
    </Filter>
    <Filter Include="Bindables">
      <UniqueIdentifier>{e705d3a2-ebf6-4c3b-9080-130950728d52}</UniqueIdentifier>
    </Filter>
    <Filter Include="Bindables\Shaders">
      <UniqueIdentifier>{9c95ab0e-fdbd-4dc0-a312-80c18a01189a}</UniqueIdentifier>
    </Filter>
    <Filter Include="Bindables\Buffers">
      <UniqueIdentifier>{6f64582f-a1d0-4423-9dd2-c939b0cd0421}</UniqueIdentifier>
    </Filter>
    <Filter Include="Bindables\Buffers\ConstantBuffers">
      <UniqueIdentifier>{81de8335-3c66-4cdd-92aa-cf61568b8e11}</UniqueIdentifier>
    </Filter>
    <Filter Include="Math">
      <UniqueIdentifier>{936612c5-2e9c-449b-b556-c94e5d8e93d0}</UniqueIdentifier>
    </Filter>
    <Filter Include="Models">
      <UniqueIdentifier>{2a4585f1-a392-4b68-a3a3-dea94ec71b8a}</UniqueIdentifier>
    </Filter>
    <Filter Include="Math\Vertices">
      <UniqueIdentifier>{d5c49eac-b15a-4439-82a8-9c7d11bc72e1}</UniqueIdentifier>
    </Filter>
    <Filter Include="Scenes">
      <UniqueIdentifier>{d712258b-bbb5-4b6c-9fd6-f54234934269}</UniqueIdentifier>
    </Filter>
    <Filter Include="ErrorHandling">
      <UniqueIdentifier>{cbfc4b0f-3f40-4720-9ef6-37e0263576af}</UniqueIdentifier>
    </Filter>
    <Filter Include="ErrorHandling\DxErr">
      <UniqueIdentifier>{1e1cb900-13db-4d60-8939-697d759a2dcc}</UniqueIdentifier>
    </Filter>
    <Filter Include="Math\IndexedLists">
      <UniqueIdentifier>{9e5e96c9-707e-491b-8505-933bda723107}</UniqueIdentifier>
    </Filter>
    <Filter Include="Shaders">
      <UniqueIdentifier>{643749f0-cf34-4db6-aef9-19ad7d98a8f0}</UniqueIdentifier>
    </Filter>
    <Filter Include="Scenes\UniverseScene">
      <UniqueIdentifier>{c7b3c13c-c9b4-48c9-9d61-46c57931b507}</UniqueIdentifier>
    </Filter>
    <Filter Include="Drawables\FlatCube">
      <UniqueIdentifier>{a62325b7-8e8d-4801-a75d-5cbb0887284f}</UniqueIdentifier>
    </Filter>
    <Filter Include="ImGui">
      <UniqueIdentifier>{e24b6b80-55b5-4420-b9b8-3a139e0c775f}</UniqueIdentifier>
    </Filter>
    <Filter Include="ImGui\CoreAndImplementations">
      <UniqueIdentifier>{733d6386-ca35-4fe1-adae-d9446d1575ed}</UniqueIdentifier>
    </Filter>
    <Filter Include="Entities">
      <UniqueIdentifier>{26189654-8505-4f4d-b7db-7301e232c49c}</UniqueIdentifier>
    </Filter>
    <Filter Include="Entities\Camera">
      <UniqueIdentifier>{f7e96f47-5b25-4d01-9b3d-9c2bc4a09bcf}</UniqueIdentifier>
    </Filter>
    <Filter Include="Entities\ControllableEntity">
      <UniqueIdentifier>{cb376c0b-4624-4c87-8dcd-c0fe9620028f}</UniqueIdentifier>
    </Filter>
  </ItemGroup>
  <ItemGroup>
    <ClInclude Include="src\Windows\MihajloWin.h">
      <Filter>Windows</Filter>
    </ClInclude>
    <ClInclude Include="src\Windows\Window.h">
      <Filter>Windows</Filter>
    </ClInclude>
    <ClInclude Include="src\Resources\resource.h">
      <Filter>Resources</Filter>
    </ClInclude>
    <ClInclude Include="src\Windows\Keyboard.h">
      <Filter>Windows\Input</Filter>
    </ClInclude>
    <ClInclude Include="src\Windows\Mouse.h">
      <Filter>Windows\Input</Filter>
    </ClInclude>
    <ClInclude Include="src\Timer\Timer.h">
      <Filter>Components</Filter>
    </ClInclude>
    <ClInclude Include="src\EntryPoint\Application.h">
      <Filter>Game</Filter>
    </ClInclude>
    <ClInclude Include="src\ErrorHandling\dxerr.h">
      <Filter>ErrorHandling\DxErr</Filter>
    </ClInclude>
    <ClInclude Include="src\Bindables\Bindable.h">
      <Filter>Bindables</Filter>
    </ClInclude>
    <ClInclude Include="src\Bindables\InputLayout.h">
      <Filter>Bindables</Filter>
    </ClInclude>
    <ClInclude Include="src\Bindables\PrimitiveTopology.h">
      <Filter>Bindables</Filter>
    </ClInclude>
    <ClInclude Include="src\Bindables\Viewport.h">
      <Filter>Bindables</Filter>
    </ClInclude>
    <ClInclude Include="src\Graphics\Graphics.h">
      <Filter>Graphics</Filter>
    </ClInclude>
    <ClInclude Include="src\Bindables\ConstantBuffer.h">
      <Filter>Bindables\Buffers\ConstantBuffers</Filter>
    </ClInclude>
    <ClInclude Include="src\Bindables\VertexConstantBuffer.h">
      <Filter>Bindables\Buffers\ConstantBuffers</Filter>
    </ClInclude>
    <ClInclude Include="src\Bindables\PixelConstantBuffer.h">
      <Filter>Bindables\Buffers\ConstantBuffers</Filter>
    </ClInclude>
    <ClInclude Include="src\Bindables\PixelShader.h">
      <Filter>Bindables\Shaders</Filter>
    </ClInclude>
    <ClInclude Include="src\Bindables\VertexShader.h">
      <Filter>Bindables\Shaders</Filter>
    </ClInclude>
    <ClInclude Include="src\Bindables\IndexBuffer.h">
      <Filter>Bindables\Buffers</Filter>
    </ClInclude>
    <ClInclude Include="src\Bindables\VertexBuffer.h">
      <Filter>Bindables\Buffers</Filter>
    </ClInclude>
    <ClInclude Include="src\Bindables\TransformationConstantBuffer.h">
      <Filter>Bindables\Buffers\ConstantBuffers</Filter>
    </ClInclude>
    <ClInclude Include="src\Bindables\AllBindables.h">
      <Filter>Bindables</Filter>
    </ClInclude>
    <ClInclude Include="src\Drawables\DrawableBase.h">
      <Filter>Drawables\Base</Filter>
    </ClInclude>
    <ClInclude Include="src\Drawables\Drawable.h">
      <Filter>Drawables\Base</Filter>
    </ClInclude>
    <ClInclude Include="src\Math\Index.h">
      <Filter>Math</Filter>
    </ClInclude>
    <ClInclude Include="src\ErrorHandling\DxgiInfoManager.h">
      <Filter>ErrorHandling</Filter>
    </ClInclude>
    <ClInclude Include="src\ErrorHandling\MihajloException.h">
      <Filter>ErrorHandling</Filter>
    </ClInclude>
    <ClInclude Include="src\Math\MihajloMath.h">
      <Filter>Math</Filter>
    </ClInclude>
    <ClInclude Include="src\Graphics\Color.h">
      <Filter>Graphics</Filter>
    </ClInclude>
    <ClInclude Include="src\Windows\GDIPlusManager.h">
      <Filter>Windows</Filter>
    </ClInclude>
    <ClInclude Include="src\Graphics\Surface.h">
      <Filter>Graphics</Filter>
    </ClInclude>
    <ClInclude Include="src\ErrorHandling\DefaultMihException.h">
      <Filter>ErrorHandling</Filter>
    </ClInclude>
    <ClInclude Include="src\Bindables\Texture2D.h">
      <Filter>Bindables</Filter>
    </ClInclude>
    <ClInclude Include="src\Bindables\Sampler.h">
      <Filter>Bindables</Filter>
    </ClInclude>
    <ClInclude Include="src\Math\Transform.h">
      <Filter>Math</Filter>
    </ClInclude>
    <ClInclude Include="src\Gui\imgui\imgui_internal.h" />
    <ClInclude Include="src\Gui\imgui\imstb_rectpack.h" />
    <ClInclude Include="src\Gui\imgui\imstb_textedit.h" />
    <ClInclude Include="src\Gui\imgui\imstb_truetype.h" />
    <ClInclude Include="src\Gui\imgui\imconfig.h" />
    <ClInclude Include="src\Gui\imgui\imgui.h" />
    <ClInclude Include="src\Gui\imgui\imgui_impl_dx11.h" />
    <ClInclude Include="src\Gui\imgui\imgui_impl_win32.h" />
    <ClInclude Include="src\Gui\imgui\ImGuiManager.h" />
    <ClInclude Include="src\Math\Vertex.h" />
    <ClInclude Include="src\Math\IndexedTriangleList.h" />
    <ClInclude Include="src\Drawables\SolidDrawable.h" />
    <ClInclude Include="src\Drawables\PhongDrawable.h" />
    <ClInclude Include="src\Nodes\Node.h" />
    <ClInclude Include="src\Nodes\MeshInstance.h" />
    <ClInclude Include="src\assimp.h" />
    <ClInclude Include="src\Nodes\PointLight.h" />
    <ClInclude Include="src\Gui\Hierarchy.h" />
    <ClInclude Include="src\Gui\Inspector.h" />
    <ClInclude Include="src\EntryPoint\EntryPoint.h" />
    <ClInclude Include="src\Models\Model.h" />
  </ItemGroup>
  <ItemGroup>
    <ClCompile Include="src\Windows\Window.cpp">
      <Filter>Windows</Filter>
    </ClCompile>
    <ClCompile Include="src\Windows\Keyboard.cpp">
      <Filter>Windows\Input</Filter>
    </ClCompile>
    <ClCompile Include="src\Windows\Mouse.cpp">
      <Filter>Windows\Input</Filter>
    </ClCompile>
    <ClCompile Include="src\Timer\Timer.cpp">
      <Filter>Components</Filter>
    </ClCompile>
    <ClCompile Include="src\EntryPoint\Application.cpp">
      <Filter>Game</Filter>
    </ClCompile>
    <ClCompile Include="src\ErrorHandling\dxerr.cpp">
      <Filter>ErrorHandling\DxErr</Filter>
    </ClCompile>
    <ClCompile Include="src\Bindables\Bindable.cpp">
      <Filter>Bindables</Filter>
    </ClCompile>
    <ClCompile Include="src\Bindables\InputLayout.cpp">
      <Filter>Bindables</Filter>
    </ClCompile>
    <ClCompile Include="src\Bindables\PrimitiveTopology.cpp">
      <Filter>Bindables</Filter>
    </ClCompile>
    <ClCompile Include="src\Bindables\Viewport.cpp">
      <Filter>Bindables</Filter>
    </ClCompile>
    <ClCompile Include="src\Graphics\Graphics.cpp">
      <Filter>Graphics</Filter>
    </ClCompile>
    <ClCompile Include="src\Bindables\PixelShader.cpp">
      <Filter>Bindables\Shaders</Filter>
    </ClCompile>
    <ClCompile Include="src\Bindables\VertexShader.cpp">
      <Filter>Bindables\Shaders</Filter>
    </ClCompile>
    <ClCompile Include="src\Bindables\IndexBuffer.cpp">
      <Filter>Bindables\Buffers</Filter>
    </ClCompile>
    <ClCompile Include="src\Bindables\VertexBuffer.cpp">
      <Filter>Bindables\Buffers</Filter>
    </ClCompile>
    <ClCompile Include="src\Bindables\TransformationConstantBuffer.cpp">
      <Filter>Bindables\Buffers\ConstantBuffers</Filter>
    </ClCompile>
    <ClCompile Include="src\Drawables\Drawable.cpp">
      <Filter>Drawables\Base</Filter>
    </ClCompile>
    <ClCompile Include="src\ErrorHandling\DxgiInfoManager.cpp">
      <Filter>ErrorHandling</Filter>
    </ClCompile>
    <ClCompile Include="src\ErrorHandling\MihajloException.cpp">
      <Filter>ErrorHandling</Filter>
    </ClCompile>
    <ClCompile Include="src\Windows\GDIPlusManager.cpp">
      <Filter>Windows</Filter>
    </ClCompile>
    <ClCompile Include="src\Graphics\Surface.cpp">
      <Filter>Graphics</Filter>
    </ClCompile>
    <ClCompile Include="src\ErrorHandling\DefaultMihException.cpp">
      <Filter>ErrorHandling</Filter>
    </ClCompile>
    <ClCompile Include="src\Bindables\Texture2D.cpp">
      <Filter>Bindables</Filter>
    </ClCompile>
    <ClCompile Include="src\Bindables\Sampler.cpp">
      <Filter>Bindables</Filter>
    </ClCompile>
    <ClCompile Include="src\Gui\imgui\imgui_draw.cpp" />
    <ClCompile Include="src\Gui\imgui\imgui_tables.cpp" />
    <ClCompile Include="src\Gui\imgui\imgui_widgets.cpp" />
    <ClCompile Include="src\Gui\imgui\imgui.cpp" />
    <ClCompile Include="src\Gui\imgui\imgui_demo.cpp" />
    <ClCompile Include="src\Gui\imgui\imgui_impl_win32.cpp" />
    <ClCompile Include="src\Gui\imgui\imgui_impl_dx11.cpp" />
    <ClCompile Include="src\Gui\imgui\ImGuiManager.cpp" />
    <ClCompile Include="src\Math\IndexedTriangleList.cpp" />
    <ClCompile Include="src\Drawables\SolidDrawable.cpp" />
    <ClCompile Include="src\Drawables\PhongDrawable.cpp" />
    <ClCompile Include="src\Nodes\Node.cpp" />
    <ClCompile Include="src\Nodes\MeshInstance.cpp" />
    <ClCompile Include="src\Gui\Hierarchy.cpp" />
    <ClCompile Include="src\Gui\Inspector.cpp" />
    <ClCompile Include="src\Models\Model.cpp" />
  </ItemGroup>
  <ItemGroup>
    <ResourceCompile Include="src\Resources\hw3D.rc">
      <Filter>Resources</Filter>
    </ResourceCompile>
  </ItemGroup>
  <ItemGroup>
    <Image Include="src\Resources\logo.ico">
      <Filter>Resources</Filter>
    </Image>
  </ItemGroup>
  <ItemGroup>
    <None Include="src\ErrorHandling\DXGetErrorDescription.inl">
      <Filter>ErrorHandling\DxErr</Filter>
    </None>
    <None Include="src\ErrorHandling\DXGetErrorString.inl">
      <Filter>ErrorHandling\DxErr</Filter>
    </None>
    <None Include="src\ErrorHandling\DXTrace.inl">
      <Filter>ErrorHandling\DxErr</Filter>
    </None>
  </ItemGroup>
  <ItemGroup>
    <FxCompile Include="src\Shaders\PhongVS.hlsl" />
    <FxCompile Include="src\Shaders\PhongPS.hlsl" />
    <FxCompile Include="src\Shaders\DefaultVS.hlsl" />
    <FxCompile Include="src\Shaders\SolidPS.hlsl" />
  </ItemGroup>
</Project>