<?xml version="1.0" encoding="utf-8"?>
<Project ToolsVersion="4.0" xmlns="http://schemas.microsoft.com/developer/msbuild/2003">
  <ItemGroup>
    <Filter Include="Windows">
      <UniqueIdentifier>{80ad819a-b56a-4981-8992-d3f4df5ee87e}</UniqueIdentifier>
    </Filter>
    <Filter Include="ErrorHandling">
      <UniqueIdentifier>{4a8cf865-c7fc-4acf-849d-b4ec424bd075}</UniqueIdentifier>
    </Filter>
    <Filter Include="Resources">
      <UniqueIdentifier>{f821da62-e9d3-423a-ab43-30afb393dbbf}</UniqueIdentifier>
    </Filter>
    <Filter Include="Windows\Input">
      <UniqueIdentifier>{bff5acaf-32e5-48bb-9b91-f27a196eb478}</UniqueIdentifier>
    </Filter>
    <Filter Include="Components">
      <UniqueIdentifier>{2d8613c9-2d3f-43ae-8e5a-b3cdd78adb14}</UniqueIdentifier>
    </Filter>
    <Filter Include="Game">
      <UniqueIdentifier>{590f7537-ca24-4959-b0f8-7c5e2ec21639}</UniqueIdentifier>
    </Filter>
    <Filter Include="ErrorHandling\DxErr">
      <UniqueIdentifier>{1e1cb900-13db-4d60-8939-697d759a2dcc}</UniqueIdentifier>
    </Filter>
    <Filter Include="Graphics">
      <UniqueIdentifier>{6bcfebac-f0f5-4bc5-bc8b-909be6d81632}</UniqueIdentifier>
    </Filter>
    <Filter Include="Drawables">
      <UniqueIdentifier>{c57255a9-df1a-458a-b4ef-2947858adba5}</UniqueIdentifier>
    </Filter>
    <Filter Include="Drawables\Base">
      <UniqueIdentifier>{8bee4929-3701-4a39-b1bc-21b9c4ecc93f}</UniqueIdentifier>
    </Filter>
    <Filter Include="Bindables">
      <UniqueIdentifier>{e705d3a2-ebf6-4c3b-9080-130950728d52}</UniqueIdentifier>
    </Filter>
    <Filter Include="Bindables\Shaders">
      <UniqueIdentifier>{9c95ab0e-fdbd-4dc0-a312-80c18a01189a}</UniqueIdentifier>
    </Filter>
    <Filter Include="Bindables\Buffers">
      <UniqueIdentifier>{6f64582f-a1d0-4423-9dd2-c939b0cd0421}</UniqueIdentifier>
    </Filter>
    <Filter Include="Bindables\Buffers\ConstantBuffers">
      <UniqueIdentifier>{81de8335-3c66-4cdd-92aa-cf61568b8e11}</UniqueIdentifier>
    </Filter>
    <Filter Include="Math">
      <UniqueIdentifier>{936612c5-2e9c-449b-b556-c94e5d8e93d0}</UniqueIdentifier>
    </Filter>
    <Filter Include="Math\IndexedListd">
      <UniqueIdentifier>{9e5e96c9-707e-491b-8505-933bda723107}</UniqueIdentifier>
    </Filter>
    <Filter Include="Models">
      <UniqueIdentifier>{2a4585f1-a392-4b68-a3a3-dea94ec71b8a}</UniqueIdentifier>
    </Filter>
    <Filter Include="Math\Vertices">
      <UniqueIdentifier>{d5c49eac-b15a-4439-82a8-9c7d11bc72e1}</UniqueIdentifier>
    </Filter>
    <Filter Include="Drawables\FlatDrawable">
      <UniqueIdentifier>{9f4df88c-36fc-4568-91ec-c72a2e82d360}</UniqueIdentifier>
    </Filter>
    <Filter Include="Drawables\FlatDrawable\Shaders">
      <UniqueIdentifier>{1ae7188f-dc23-4185-af07-28d6da19e743}</UniqueIdentifier>
    </Filter>
  </ItemGroup>
  <ItemGroup>
    <ClInclude Include="MihajloWin.h">
      <Filter>Windows</Filter>
    </ClInclude>
    <ClInclude Include="Window.h">
      <Filter>Windows</Filter>
    </ClInclude>
    <ClInclude Include="MihajloException.h">
      <Filter>ErrorHandling</Filter>
    </ClInclude>
    <ClInclude Include="resource.h">
      <Filter>Resources</Filter>
    </ClInclude>
    <ClInclude Include="Keyboard.h">
      <Filter>Windows\Input</Filter>
    </ClInclude>
    <ClInclude Include="Mouse.h">
      <Filter>Windows\Input</Filter>
    </ClInclude>
    <ClInclude Include="Timer.h">
      <Filter>Components</Filter>
    </ClInclude>
    <ClInclude Include="Game.h">
      <Filter>Game</Filter>
    </ClInclude>
    <ClInclude Include="dxerr.h">
      <Filter>ErrorHandling\DxErr</Filter>
    </ClInclude>
    <ClInclude Include="DxgiInfoManager.h">
      <Filter>ErrorHandling</Filter>
    </ClInclude>
    <ClInclude Include="Bindable.h">
      <Filter>Bindables</Filter>
    </ClInclude>
    <ClInclude Include="InputLayout.h">
      <Filter>Bindables</Filter>
    </ClInclude>
    <ClInclude Include="PrimitiveTopology.h">
      <Filter>Bindables</Filter>
    </ClInclude>
    <ClInclude Include="Viewport.h">
      <Filter>Bindables</Filter>
    </ClInclude>
    <ClInclude Include="Graphics.h">
      <Filter>Graphics</Filter>
    </ClInclude>
    <ClInclude Include="ConstantBuffer.h">
      <Filter>Bindables\Buffers\ConstantBuffers</Filter>
    </ClInclude>
    <ClInclude Include="VertexConstantBuffer.h">
      <Filter>Bindables\Buffers\ConstantBuffers</Filter>
    </ClInclude>
    <ClInclude Include="PixelConstantBuffer.h">
      <Filter>Bindables\Buffers\ConstantBuffers</Filter>
    </ClInclude>
    <ClInclude Include="PixelShader.h">
      <Filter>Bindables\Shaders</Filter>
    </ClInclude>
    <ClInclude Include="VertexShader.h">
      <Filter>Bindables\Shaders</Filter>
    </ClInclude>
    <ClInclude Include="IndexBuffer.h">
      <Filter>Bindables\Buffers</Filter>
    </ClInclude>
    <ClInclude Include="VertexBuffer.h">
      <Filter>Bindables\Buffers</Filter>
    </ClInclude>
    <ClInclude Include="TransformationConstantBuffer.h">
      <Filter>Bindables\Buffers\ConstantBuffers</Filter>
    </ClInclude>
    <ClInclude Include="AllBindables.h">
      <Filter>Bindables</Filter>
    </ClInclude>
    <ClInclude Include="DrawableBase.h">
      <Filter>Drawables\Base</Filter>
    </ClInclude>
    <ClInclude Include="Drawable.h">
      <Filter>Drawables\Base</Filter>
    </ClInclude>
    <ClInclude Include="Index.h">
      <Filter>Math</Filter>
    </ClInclude>
    <ClInclude Include="IndexedList.h">
      <Filter>Math\IndexedListd</Filter>
    </ClInclude>
    <ClInclude Include="IndexedTriangleList.h">
      <Filter>Math\IndexedListd</Filter>
    </ClInclude>
    <ClInclude Include="Cube.h">
      <Filter>Models</Filter>
    </ClInclude>
    <ClInclude Include="DefaultVertex.h">
      <Filter>Math\Vertices</Filter>
    </ClInclude>
    <ClInclude Include="FlatDrawable.h">
      <Filter>Drawables\FlatDrawable</Filter>
    </ClInclude>
  </ItemGroup>
  <ItemGroup>
    <ClCompile Include="Window.cpp">
      <Filter>Windows</Filter>
    </ClCompile>
    <ClCompile Include="MihajloException.cpp">
      <Filter>ErrorHandling</Filter>
    </ClCompile>
    <ClCompile Include="WinMain.cpp">
      <Filter>Windows</Filter>
    </ClCompile>
    <ClCompile Include="Keyboard.cpp">
      <Filter>Windows\Input</Filter>
    </ClCompile>
    <ClCompile Include="Mouse.cpp">
      <Filter>Windows\Input</Filter>
    </ClCompile>
    <ClCompile Include="Timer.cpp">
      <Filter>Components</Filter>
    </ClCompile>
    <ClCompile Include="Game.cpp">
      <Filter>Game</Filter>
    </ClCompile>
    <ClCompile Include="dxerr.cpp">
      <Filter>ErrorHandling\DxErr</Filter>
    </ClCompile>
    <ClCompile Include="DxgiInfoManager.cpp">
      <Filter>ErrorHandling</Filter>
    </ClCompile>
    <ClCompile Include="Bindable.cpp">
      <Filter>Bindables</Filter>
    </ClCompile>
    <ClCompile Include="InputLayout.cpp">
      <Filter>Bindables</Filter>
    </ClCompile>
    <ClCompile Include="PrimitiveTopology.cpp">
      <Filter>Bindables</Filter>
    </ClCompile>
    <ClCompile Include="Viewport.cpp">
      <Filter>Bindables</Filter>
    </ClCompile>
    <ClCompile Include="Graphics.cpp">
      <Filter>Graphics</Filter>
    </ClCompile>
    <ClCompile Include="PixelShader.cpp">
      <Filter>Bindables\Shaders</Filter>
    </ClCompile>
    <ClCompile Include="VertexShader.cpp">
      <Filter>Bindables\Shaders</Filter>
    </ClCompile>
    <ClCompile Include="IndexBuffer.cpp">
      <Filter>Bindables\Buffers</Filter>
    </ClCompile>
    <ClCompile Include="VertexBuffer.cpp">
      <Filter>Bindables\Buffers</Filter>
    </ClCompile>
    <ClCompile Include="TransformationConstantBuffer.cpp">
      <Filter>Bindables\Buffers\ConstantBuffers</Filter>
    </ClCompile>
    <ClCompile Include="Drawable.cpp">
      <Filter>Drawables\Base</Filter>
    </ClCompile>
  </ItemGroup>
  <ItemGroup>
    <ResourceCompile Include="hw3D.rc">
      <Filter>Resources</Filter>
    </ResourceCompile>
  </ItemGroup>
  <ItemGroup>
    <Image Include="logo.ico">
      <Filter>Resources</Filter>
    </Image>
  </ItemGroup>
  <ItemGroup>
    <None Include="DXGetErrorDescription.inl">
      <Filter>ErrorHandling\DxErr</Filter>
    </None>
    <None Include="DXGetErrorString.inl">
      <Filter>ErrorHandling\DxErr</Filter>
    </None>
    <None Include="DXTrace.inl">
      <Filter>ErrorHandling\DxErr</Filter>
    </None>
  </ItemGroup>
  <ItemGroup>
    <FxCompile Include="FlatVertexShader.hlsl">
      <Filter>Drawables\FlatDrawable\Shaders</Filter>
    </FxCompile>
    <FxCompile Include="FlatPixelShader.hlsl">
      <Filter>Drawables\FlatDrawable\Shaders</Filter>
    </FxCompile>
  </ItemGroup>
</Project>